{
  "originHash" : "cd47d1517fcc48a2291964916be959df8c03c892dd0e62cc0bc4ca1c51c9c0bb",
  "pins" : [
    {
      "identity" : "accelerate-linux",
      "kind" : "remoteSourceControl",
      "location" : "https://github.com/brokenhandsio/accelerate-linux",
      "state" : {
        "revision" : "8eda308ea3129130e90e5c01fc437a4c5d2ca278"
      }
    },
    {
      "identity" : "bigint",
      "kind" : "remoteSourceControl",
      "location" : "https://github.com/attaswift/BigInt",
      "state" : {
        "revision" : "e07e00fa1fd435143a2dcf8b7eec9a7710b2fdfe",
        "version" : "5.7.0"
      }
    },
    {
      "identity" : "kvsimd.swift",
      "kind" : "remoteSourceControl",
      "location" : "https://github.com/keyvariable/kvSIMD.swift",
      "state" : {
        "revision" : "d95f3590b28ffc35c51d570a521daea1ce74e490",
        "version" : "1.1.0"
      }
    },
    {
      "identity" : "swift-ac-collections",
      "kind" : "remoteSourceControl",
      "location" : "https://github.com/narumij/swift-ac-collections",
      "state" : {
        "branch" : "release/AtCoder/2025",
        "revision" : "b2580703dfa0649a82a952fb3955a450e63188ba"
      }
    },
    {
      "identity" : "swift-ac-foundation",
      "kind" : "remoteSourceControl",
      "location" : "https://github.com/narumij/swift-ac-foundation",
      "state" : {
        "branch" : "release/AtCoder/2025",
        "revision" : "3d7c910ca017fba151c61d40a4c6a383702b4b97"
      }
    },
    {
      "identity" : "swift-ac-library",
      "kind" : "remoteSourceControl",
      "location" : "https://github.com/narumij/swift-ac-library",
      "state" : {
        "branch" : "release/AtCoder/2025",
        "revision" : "528c893e8d9b74acbfd455781e9a4bb6c5a5a262"
      }
    },
    {
      "identity" : "swift-ac-memoize",
      "kind" : "remoteSourceControl",
      "location" : "https://github.com/narumij/swift-ac-memoize",
      "state" : {
        "branch" : "release/AtCoder/2025",
        "revision" : "b33efc946754b9f1663243f602483a5c327fc849"
      }
    },
    {
      "identity" : "swift-algorithms",
      "kind" : "remoteSourceControl",
      "location" : "https://github.com/apple/swift-algorithms",
      "state" : {
        "revision" : "87e50f483c54e6efd60e885f7f5aa946cee68023",
        "version" : "1.2.1"
      }
    },
    {
      "identity" : "swift-bignum",
      "kind" : "remoteSourceControl",
      "location" : "https://github.com/dankogai/swift-bignum",
      "state" : {
        "revision" : "7905f4e520bb601ed02a163d3c7410aa20f39c71"
      }
    },
    {
      "identity" : "swift-collections",
      "kind" : "remoteSourceControl",
      "location" : "https://github.com/apple/swift-collections",
      "state" : {
        "revision" : "8c0c0a8b49e080e54e5e328cc552821ff07cd341",
        "version" : "1.2.1"
      }
    },
    {
      "identity" : "swift-numerics",
      "kind" : "remoteSourceControl",
      "location" : "https://github.com/apple/swift-numerics",
      "state" : {
        "revision" : "bbadd4b853a33fd78c4ae977d17bb2af15eb3f2a",
        "version" : "1.1.0"
      }
    },
    {
      "identity" : "swift-syntax",
      "kind" : "remoteSourceControl",
      "location" : "https://github.com/swiftlang/swift-syntax",
      "state" : {
        "revision" : "f99ae8aa18f0cf0d53481901f88a0991dc3bd4a2",
        "version" : "601.0.1"
      }
    }
  ],
  "version" : 3
}
