{
  "originHash" : "6c4b0f446cd02e95eb196cbb04722a9ae2f2cbf83fcf0a603d437da8121e4d85",
  "pins" : [
    {
      "identity" : "accelerate-linux",
      "kind" : "remoteSourceControl",
      "location" : "https://github.com/brokenhandsio/accelerate-linux",
      "state" : {
        "revision" : "8eda308ea3129130e90e5c01fc437a4c5d2ca278"
      }
    },
    {
      "identity" : "bigint",
      "kind" : "remoteSourceControl",
      "location" : "https://github.com/attaswift/BigInt.git",
      "state" : {
        "revision" : "99c4b9fb0f52dc9182aee106b07c3d205583b98c",
        "version" : "5.6.0"
      }
    },
    {
      "identity" : "kvsimd.swift",
      "kind" : "remoteSourceControl",
      "location" : "https://github.com/keyvariable/kvSIMD.swift.git",
      "state" : {
        "revision" : "d95f3590b28ffc35c51d570a521daea1ce74e490",
        "version" : "1.1.0"
      }
    },
    {
      "identity" : "swift-ac-collections",
      "kind" : "remoteSourceControl",
      "location" : "https://github.com/narumij/swift-ac-collections",
      "state" : {
        "revision" : "6d11659b395ec6140c5f6790b7e623ab483ab33a",
        "version" : "0.1.30"
      }
    },
    {
      "identity" : "swift-ac-foundation",
      "kind" : "remoteSourceControl",
      "location" : "https://github.com/narumij/swift-ac-foundation",
      "state" : {
        "revision" : "e67f755511b409da2c60bea35112f9b531bd9170"
      }
    },
    {
      "identity" : "swift-ac-library",
      "kind" : "remoteSourceControl",
      "location" : "https://github.com/narumij/swift-ac-library",
      "state" : {
        "revision" : "0ff7786237a941951289afdbb3ecdeef4f28ad08"
      }
    },
    {
      "identity" : "swift-algorithms",
      "kind" : "remoteSourceControl",
      "location" : "https://github.com/apple/swift-algorithms.git",
      "state" : {
        "revision" : "87e50f483c54e6efd60e885f7f5aa946cee68023",
        "version" : "1.2.1"
      }
    },
    {
      "identity" : "swift-collections",
      "kind" : "remoteSourceControl",
      "location" : "https://github.com/apple/swift-collections",
      "state" : {
        "revision" : "c1805596154bb3a265fd91b8ac0c4433b4348fb0",
        "version" : "1.2.0"
      }
    },
    {
      "identity" : "swift-numerics",
      "kind" : "remoteSourceControl",
      "location" : "https://github.com/apple/swift-numerics.git",
      "state" : {
        "revision" : "e0ec0f5f3af6f3e4d5e7a19d2af26b481acb6ba8",
        "version" : "1.0.3"
      }
    }
  ],
  "version" : 3
}
