{
  "originHash" : "ea1e42f1bc4d6c44a046abc0110d76c2d5d71e6d5eb7bb35827c83198a0c6537",
  "pins" : [
    {
      "identity" : "accelerate-linux",
      "kind" : "remoteSourceControl",
      "location" : "https://github.com/brokenhandsio/accelerate-linux",
      "state" : {
        "revision" : "8eda308ea3129130e90e5c01fc437a4c5d2ca278"
      }
    },
    {
      "identity" : "bigint",
      "kind" : "remoteSourceControl",
      "location" : "https://github.com/attaswift/BigInt.git",
      "state" : {
        "revision" : "e07e00fa1fd435143a2dcf8b7eec9a7710b2fdfe",
        "version" : "5.7.0"
      }
    },
    {
      "identity" : "kvsimd.swift",
      "kind" : "remoteSourceControl",
      "location" : "https://github.com/keyvariable/kvSIMD.swift.git",
      "state" : {
        "revision" : "d95f3590b28ffc35c51d570a521daea1ce74e490",
        "version" : "1.1.0"
      }
    },
    {
      "identity" : "swift-ac-collections",
      "kind" : "remoteSourceControl",
      "location" : "https://github.com/narumij/swift-ac-collections",
      "state" : {
        "branch" : "release/AtCoder/2025",
        "revision" : "730d3433b47219244ef69e130970cb80f68a94a2"
      }
    },
    {
      "identity" : "swift-ac-foundation",
      "kind" : "remoteSourceControl",
      "location" : "https://github.com/narumij/swift-ac-foundation",
      "state" : {
        "revision" : "1b0ae1f0d2fa3b47cfd56aaa2e262a663012f53d"
      }
    },
    {
      "identity" : "swift-ac-library",
      "kind" : "remoteSourceControl",
      "location" : "https://github.com/narumij/swift-ac-library",
      "state" : {
        "revision" : "04036f7af5bf56e86c889b9f583513f189ed774d"
      }
    },
    {
      "identity" : "swift-ac-memoize",
      "kind" : "remoteSourceControl",
      "location" : "https://github.com/narumij/swift-ac-memoize",
      "state" : {
        "branch" : "main",
        "revision" : "aa7779476c5b8e68b69e8b53b5b4d4d8f8fb26d2"
      }
    },
    {
      "identity" : "swift-algorithms",
      "kind" : "remoteSourceControl",
      "location" : "https://github.com/apple/swift-algorithms.git",
      "state" : {
        "revision" : "87e50f483c54e6efd60e885f7f5aa946cee68023",
        "version" : "1.2.1"
      }
    },
    {
      "identity" : "swift-bignum",
      "kind" : "remoteSourceControl",
      "location" : "https://github.com/dankogai/swift-bignum",
      "state" : {
        "revision" : "7905f4e520bb601ed02a163d3c7410aa20f39c71"
      }
    },
    {
      "identity" : "swift-collections",
      "kind" : "remoteSourceControl",
      "location" : "https://github.com/apple/swift-collections",
      "state" : {
        "revision" : "8c0c0a8b49e080e54e5e328cc552821ff07cd341",
        "version" : "1.2.1"
      }
    },
    {
      "identity" : "swift-numerics",
      "kind" : "remoteSourceControl",
      "location" : "https://github.com/apple/swift-numerics.git",
      "state" : {
        "revision" : "bbadd4b853a33fd78c4ae977d17bb2af15eb3f2a",
        "version" : "1.1.0"
      }
    },
    {
      "identity" : "swift-syntax",
      "kind" : "remoteSourceControl",
      "location" : "https://github.com/swiftlang/swift-syntax",
      "state" : {
        "revision" : "f99ae8aa18f0cf0d53481901f88a0991dc3bd4a2",
        "version" : "601.0.1"
      }
    }
  ],
  "version" : 3
}
