{
  "originHash" : "fd739d029102ad662859bac3d9d101a0ad2ad025603dc64e078178db995a1b64",
  "pins" : [
    {
      "identity" : "accelerate-linux",
      "kind" : "remoteSourceControl",
      "location" : "https://github.com/brokenhandsio/accelerate-linux",
      "state" : {
        "revision" : "8eda308ea3129130e90e5c01fc437a4c5d2ca278"
      }
    },
    {
      "identity" : "bigint",
      "kind" : "remoteSourceControl",
      "location" : "https://github.com/attaswift/BigInt.git",
      "state" : {
        "revision" : "e07e00fa1fd435143a2dcf8b7eec9a7710b2fdfe",
        "version" : "5.7.0"
      }
    },
    {
      "identity" : "kvsimd.swift",
      "kind" : "remoteSourceControl",
      "location" : "https://github.com/keyvariable/kvSIMD.swift.git",
      "state" : {
        "revision" : "d95f3590b28ffc35c51d570a521daea1ce74e490",
        "version" : "1.1.0"
      }
    },
    {
      "identity" : "swift-ac-collections",
      "kind" : "remoteSourceControl",
      "location" : "https://github.com/narumij/swift-ac-collections",
      "state" : {
        "revision" : "b2580703dfa0649a82a952fb3955a450e63188ba",
        "version" : "0.1.44"
      }
    },
    {
      "identity" : "swift-ac-foundation",
      "kind" : "remoteSourceControl",
      "location" : "https://github.com/narumij/swift-ac-foundation",
      "state" : {
        "revision" : "3d7c910ca017fba151c61d40a4c6a383702b4b97"
      }
    },
    {
      "identity" : "swift-ac-library",
      "kind" : "remoteSourceControl",
      "location" : "https://github.com/narumij/swift-ac-library",
      "state" : {
        "revision" : "528c893e8d9b74acbfd455781e9a4bb6c5a5a262"
      }
    },
    {
      "identity" : "swift-ac-memoize",
      "kind" : "remoteSourceControl",
      "location" : "https://github.com/narumij/swift-ac-memoize",
      "state" : {
        "revision" : "b33efc946754b9f1663243f602483a5c327fc849",
        "version" : "0.1.11"
      }
    },
    {
      "identity" : "swift-algorithms",
      "kind" : "remoteSourceControl",
      "location" : "https://github.com/apple/swift-algorithms.git",
      "state" : {
        "revision" : "87e50f483c54e6efd60e885f7f5aa946cee68023",
        "version" : "1.2.1"
      }
    },
    {
      "identity" : "swift-bignum",
      "kind" : "remoteSourceControl",
      "location" : "https://github.com/dankogai/swift-bignum",
      "state" : {
        "revision" : "a562275f0a64bc95f6e3f6c45ee652eefa820749"
      }
    },
    {
      "identity" : "swift-collections",
      "kind" : "remoteSourceControl",
      "location" : "https://github.com/apple/swift-collections",
      "state" : {
        "revision" : "8c0c0a8b49e080e54e5e328cc552821ff07cd341",
        "version" : "1.2.1"
      }
    },
    {
      "identity" : "swift-numerics",
      "kind" : "remoteSourceControl",
      "location" : "https://github.com/apple/swift-numerics.git",
      "state" : {
        "revision" : "bbadd4b853a33fd78c4ae977d17bb2af15eb3f2a",
        "version" : "1.1.0"
      }
    },
    {
      "identity" : "swift-syntax",
      "kind" : "remoteSourceControl",
      "location" : "https://github.com/swiftlang/swift-syntax",
      "state" : {
        "revision" : "f99ae8aa18f0cf0d53481901f88a0991dc3bd4a2",
        "version" : "601.0.1"
      }
    }
  ],
  "version" : 3
}
