{
  "originHash" : "58b074468de7922007ea885d6ab533d73ad72db6b168397642854075ed90d550",
  "pins" : [
    {
      "identity" : "accelerate-linux",
      "kind" : "remoteSourceControl",
      "location" : "https://github.com/brokenhandsio/accelerate-linux",
      "state" : {
        "branch" : "main",
        "revision" : "8eda308ea3129130e90e5c01fc437a4c5d2ca278"
      }
    },
    {
      "identity" : "bigint",
      "kind" : "remoteSourceControl",
      "location" : "https://github.com/attaswift/BigInt",
      "state" : {
        "revision" : "114343a705df4725dfe7ab8a2a326b8883cfd79c",
        "version" : "5.5.1"
      }
    },
    {
      "identity" : "kvsimd.swift",
      "kind" : "remoteSourceControl",
      "location" : "https://github.com/keyvariable/kvSIMD.swift",
      "state" : {
        "revision" : "d95f3590b28ffc35c51d570a521daea1ce74e490",
        "version" : "1.1.0"
      }
    },
    {
      "identity" : "swift-ac-collections",
      "kind" : "remoteSourceControl",
      "location" : "https://github.com/narumij/swift-ac-collections",
      "state" : {
        "revision" : "129eda9ac4fd122157db9634bf14e16f6d2a95b1",
        "version" : "0.1.26"
      }
    },
    {
      "identity" : "swift-ac-foundation",
      "kind" : "remoteSourceControl",
      "location" : "https://github.com/narumij/swift-ac-foundation",
      "state" : {
        "revision" : "f7560569b8733b9bf6e54c58d57c17e4a5b16688",
        "version" : "0.1.15"
      }
    },
    {
      "identity" : "swift-ac-library",
      "kind" : "remoteSourceControl",
      "location" : "https://github.com/narumij/swift-ac-library",
      "state" : {
        "revision" : "fcabf5aa91e72a4c163c935cc61d57e4406abb83",
        "version" : "0.1.12"
      }
    },
    {
      "identity" : "swift-algorithms",
      "kind" : "remoteSourceControl",
      "location" : "https://github.com/apple/swift-algorithms",
      "state" : {
        "revision" : "87e50f483c54e6efd60e885f7f5aa946cee68023",
        "version" : "1.2.1"
      }
    },
    {
      "identity" : "swift-atomics",
      "kind" : "remoteSourceControl",
      "location" : "https://github.com/apple/swift-atomics",
      "state" : {
        "revision" : "cd142fd2f64be2100422d658e7411e39489da985",
        "version" : "1.2.0"
      }
    },
    {
      "identity" : "swift-bignum",
      "kind" : "remoteSourceControl",
      "location" : "https://github.com/dankogai/swift-bignum",
      "state" : {
        "revision" : "3200f6ba76308beaf2c6ebc3d2919ec80324f7f4",
        "version" : "5.4.1"
      }
    },
    {
      "identity" : "swift-collections",
      "kind" : "remoteSourceControl",
      "location" : "https://github.com/apple/swift-collections",
      "state" : {
        "revision" : "671108c96644956dddcd89dd59c203dcdb36cec7",
        "version" : "1.1.4"
      }
    },
    {
      "identity" : "swift-numerics",
      "kind" : "remoteSourceControl",
      "location" : "https://github.com/apple/swift-numerics",
      "state" : {
        "revision" : "e0ec0f5f3af6f3e4d5e7a19d2af26b481acb6ba8",
        "version" : "1.0.3"
      }
    },
    {
      "identity" : "swift-system",
      "kind" : "remoteSourceControl",
      "location" : "https://github.com/apple/swift-system",
      "state" : {
        "revision" : "a34201439c74b53f0fd71ef11741af7e7caf01e1",
        "version" : "1.4.2"
      }
    },
    {
      "identity" : "swiftgraph",
      "kind" : "remoteSourceControl",
      "location" : "https://github.com/davecom/SwiftGraph",
      "state" : {
        "revision" : "76b5180a5cc32eda7f5236a756f4c1e0936311c6",
        "version" : "3.1.0"
      }
    }
  ],
  "version" : 3
}
